
Microsoft Visual Studio Solution File, Format Version 12.00
# Visual Studio Version 16
VisualStudioVersion = 16.0.29613.14
MinimumVisualStudioVersion = 10.0.40219.1
Project("{2150E333-8FDC-42A3-9474-1A3956D46DE8}") = "WebApp", "WebApp", "{19BE1044-D666-449D-8481-CA2C8EF5E967}"
EndProject
Project("{2150E333-8FDC-42A3-9474-1A3956D46DE8}") = "WebApi", "WebApi", "{CB9CC4A2-AA90-4EAB-9042-DD8788532199}"
EndProject
Project("{2150E333-8FDC-42A3-9474-1A3956D46DE8}") = "DAL", "DAL", "{894485E2-503B-4578-8D45-6789A738D689}"
EndProject
Project("{2150E333-8FDC-42A3-9474-1A3956D46DE8}") = "BL", "BL", "{F51379DA-72C0-408D-B8C5-75DDFFB24A56}"
EndProject
Project("{2150E333-8FDC-42A3-9474-1A3956D46DE8}") = "Solution Items", "Solution Items", "{04FFF8BB-7514-4D83-A1D3-BEE097F5CB8C}"
	ProjectSection(SolutionItems) = preProject
		.editorconfig = .editorconfig
		.gitignore = .gitignore
	EndProjectSection
EndProject
Project("{9A19103F-16F7-4668-BE54-9A1E7A4F7556}") = "Books.WebApi", "WebApi\Books.WebApi\Books.WebApi.csproj", "{4E2024F3-CCF2-424E-8C13-8F7B3D6437D7}"
EndProject
Global
	GlobalSection(SolutionConfigurationPlatforms) = preSolution
		Debug|Any CPU = Debug|Any CPU
		Release|Any CPU = Release|Any CPU
	EndGlobalSection
	GlobalSection(ProjectConfigurationPlatforms) = postSolution
		{4E2024F3-CCF2-424E-8C13-8F7B3D6437D7}.Debug|Any CPU.ActiveCfg = Debug|Any CPU
		{4E2024F3-CCF2-424E-8C13-8F7B3D6437D7}.Debug|Any CPU.Build.0 = Debug|Any CPU
		{4E2024F3-CCF2-424E-8C13-8F7B3D6437D7}.Release|Any CPU.ActiveCfg = Release|Any CPU
		{4E2024F3-CCF2-424E-8C13-8F7B3D6437D7}.Release|Any CPU.Build.0 = Release|Any CPU
	EndGlobalSection
	GlobalSection(SolutionProperties) = preSolution
		HideSolutionNode = FALSE
	EndGlobalSection
	GlobalSection(NestedProjects) = preSolution
		{4E2024F3-CCF2-424E-8C13-8F7B3D6437D7} = {CB9CC4A2-AA90-4EAB-9042-DD8788532199}
	EndGlobalSection
	GlobalSection(ExtensibilityGlobals) = postSolution
		SolutionGuid = {0126060C-E585-4D6B-95A6-AD67DF120FE9}
	EndGlobalSection
EndGlobal
